{
  "version": "2",
  "remote": {
    "https://deno.land/std@0.192.0/_util/asserts.ts": "178dfc49a464aee693a7e285567b3d0b555dc805ff490505a8aae34f9cfb1462",
    "https://deno.land/std@0.192.0/async/abortable.ts": "fd682fa46f3b7b16b4606a5ab52a7ce309434b76f820d3221bdfb862719a15d7",
    "https://deno.land/std@0.192.0/async/deadline.ts": "58f72a3cc0fcb731b2cc055ba046f4b5be3349ff6bf98f2e793c3b969354aab2",
    "https://deno.land/std@0.192.0/async/debounce.ts": "adab11d04ca38d699444ac8a9d9856b4155e8dda2afd07ce78276c01ea5a4332",
    "https://deno.land/std@0.192.0/async/deferred.ts": "42790112f36a75a57db4a96d33974a936deb7b04d25c6084a9fa8a49f135def8",
    "https://deno.land/std@0.192.0/async/delay.ts": "73aa04cec034c84fc748c7be49bb15cac3dd43a57174bfdb7a4aec22c248f0dd",
    "https://deno.land/std@0.192.0/async/mod.ts": "f04344fa21738e5ad6bea37a6bfffd57c617c2d372bb9f9dcfd118a1b622e576",
    "https://deno.land/std@0.192.0/async/mux_async_iterator.ts": "70c7f2ee4e9466161350473ad61cac0b9f115cff4c552eaa7ef9d50c4cbb4cc9",
    "https://deno.land/std@0.192.0/async/pool.ts": "f1b8d3df4d7fd3c73f8cbc91cc2e8b8e950910f1eab94230b443944d7584c657",
    "https://deno.land/std@0.192.0/async/retry.ts": "6521c061a5ab24e8b1ae624bdc581c4243d1d574f99dc7f5a2a195c2241fb1b8",
    "https://deno.land/std@0.192.0/async/tee.ts": "47e42d35f622650b02234d43803d0383a89eb4387e1b83b5a40106d18ae36757",
    "https://deno.land/std@0.192.0/http/server.ts": "1b23463b5b36e4eebc495417f6af47a6f7d52e3294827a1226d2a1aab23d9d20",
    "https://deno.land/x/og_edge@0.0.6/emoji.ts": "8571b6fcd5e425f58040e667f935c2fc7b8cf86f3570c81653be2c2ab8f6d046",
    "https://deno.land/x/og_edge@0.0.6/mod.ts": "a738261717d5d35e4270a9b22d9a4bb82cfb719a6d2325c75b2945d3d08f73d5",
    "https://esm.sh/@resvg/resvg-wasm@2.0.0-alpha.4": "686188ffe6c28187bef221acdf84b3cb8751d9c656181af5c7bf4acbc70efed7",
    "https://esm.sh/react@18.2.0/jsx-runtime": "914a55a07c388d345c5a0c11616ee5282242e8b8dfd0d505b83500ea04fd9870",
    "https://esm.sh/satori@0.4.0/wasm": "ff2e5d21e9ba0734704a9663d4ef3bfb65a8db17bab8a0835f72914360dfb6ec",
    "https://esm.sh/stable/react@18.2.0/denonext/jsx-runtime.js": "54d8a51c6ca025380abd2d5302e4a9b38ff835d9759c4657e52314f587eaf6bf",
    "https://esm.sh/stable/react@18.2.0/denonext/react.mjs": "3c4f23bcfc53b256fcfaf6f834fa9f584c3bb7be667b2682c6cb6ba8ef88f8e6",
    "https://esm.sh/v128/@resvg/resvg-wasm@2.0.0-alpha.4/denonext/resvg-wasm.mjs": "3fa826b8790eeea38da20260a26abf6d4cb2c889ac03c89db4496dcb9bd885d6",
    "https://esm.sh/v128/@shuding/opentype.js@1.4.0-beta.0/denonext/opentype.mjs": "ba944353ade58accbdca083c045d3f364da1fedef03e8e9361b0ff25399825e6",
    "https://esm.sh/v128/base64-js@0.0.8/denonext/base64-js.mjs": "f0db306f2043012e89eed7d8b69b203941ab8f1043703b7054906fd206c79d4f",
    "https://esm.sh/v128/camelize@1.0.1/denonext/camelize.mjs": "2267a92f6a41e681646e3cf4014829df7643070ef525de6fb2a432e70dfcf211",
    "https://esm.sh/v128/css-background-parser@0.1.0/denonext/css-background-parser.mjs": "8bcaf3c95ddd47e9cf8f45ca088cbb42f5a56bb1b2a0a1d04c647e07d5bc2f38",
    "https://esm.sh/v128/css-box-shadow@1.0.0-3/denonext/css-box-shadow.mjs": "d63628e169469210e23b6b84107526e4e9fe7e086163dd7f0cbbb3a2a57b1a56",
    "https://esm.sh/v128/css-color-keywords@1.0.0/denonext/css-color-keywords.mjs": "751fa4992522b9acd404c6fc5df295e34eec8fde87b584173c249868eae39952",
    "https://esm.sh/v128/css-to-react-native@3.2.0/denonext/css-to-react-native.mjs": "ed7f870e5b36101c69a0892ba36cf14017896ab4827ed723c7f9ccd246fc08fb",
    "https://esm.sh/v128/emoji-regex@10.2.1/denonext/emoji-regex.mjs": "e679afbb8a4a2649e8d16c1972fa2fedad5ceb75e050198a60d5fba74ab604b3",
    "https://esm.sh/v128/linebreak@1.1.0/denonext/linebreak.mjs": "aa95bf38a994e3186521b723ea53b7875d7c0152fca0a05e0573d57d6dd14765",
    "https://esm.sh/v128/postcss-value-parser@4.2.0/denonext/postcss-value-parser.mjs": "846025de2c7dd40b61d32aabe6594a2a7ea1c1e4c356c7b9bfc58cc991d7e69c",
    "https://esm.sh/v128/satori@0.4.0/denonext/wasm.js": "b2f535dae5b754204345d85c813de228a8085a503ca3f0debcfc392147d0b61e",
    "https://esm.sh/v128/tiny-inflate@1.0.3/denonext/tiny-inflate.mjs": "7de6ac59fdcba14c0f515c24ecd73eacc238330064941f93daad181d86a5fe3c",
    "https://esm.sh/v128/unicode-trie@2.0.0/denonext/unicode-trie.mjs": "4c00e4c0f762ede6848ab78501d9b88561970b1a95c8169d99caebb550b01e2a",
    "https://esm.sh/v128/yoga-wasm-web@0.3.0/denonext/yoga-wasm-web.mjs": "d06bd52c501179374046602b52e27e8b3d90c84067f6c77c40e376b8c2603712",
    "https://esm.sh/yoga-wasm-web@0.3.0": "fca8a76d581d4c9a7daff6004d6593bd7a750aaf71dd09de98dd09ab66b9807d"
  },
  "npm": {
    "specifiers": {
      "@types/node": "@types/node@18.16.19"
    },
    "packages": {
      "@types/node@18.16.19": {
        "integrity": "sha512-IXl7o+R9iti9eBW4Wg2hx1xQDig183jj7YLn8F7udNceyfkbn1ZxmzZXuak20gR40D7pIkIY1kYGx5VIGbaHKA==",
        "dependencies": {}
      }
    }
  }
}
